// !$*UTF8*$!
{
	archiveVersion = 1;
	classes = {
	};
	objectVersion = 46;
	objects = {

/* Begin PBXBuildFile section */
		38093BA91EBADA0600D05A09 /* AppDelegate.swift in Sources */ = {isa = PBXBuildFile; fileRef = 38093BA81EBADA0600D05A09 /* AppDelegate.swift */; };
		38093BB01EBADA0600D05A09 /* Assets.xcassets in Resources */ = {isa = PBXBuildFile; fileRef = 38093BAF1EBADA0600D05A09 /* Assets.xcassets */; };
		38093BB31EBADA0600D05A09 /* LaunchScreen.storyboard in Resources */ = {isa = PBXBuildFile; fileRef = 38093BB11EBADA0600D05A09 /* LaunchScreen.storyboard */; };
		38259E631EBADDC30075ACD8 /* Observable+ResponseObjectMapper.swift in Sources */ = {isa = PBXBuildFile; fileRef = 38259E621EBADDC30075ACD8 /* Observable+ResponseObjectMapper.swift */; };
		38259E651EBAEFD90075ACD8 /* testMapStruct.swift in Sources */ = {isa = PBXBuildFile; fileRef = 38259E641EBAEFD90075ACD8 /* testMapStruct.swift */; };
		3839E4F61EC07681004E5AC9 /* Api.swift in Sources */ = {isa = PBXBuildFile; fileRef = 3839E4F51EC07681004E5AC9 /* Api.swift */; };
		389A346C1EC059AD0004DCF1 /* ViewController.swift in Sources */ = {isa = PBXBuildFile; fileRef = 389A346B1EC059AD0004DCF1 /* ViewController.swift */; };
		389A346F1EC059B70004DCF1 /* ViewModel.swift in Sources */ = {isa = PBXBuildFile; fileRef = 389A346D1EC059B70004DCF1 /* ViewModel.swift */; };
		389A34701EC059B70004DCF1 /* Model.swift in Sources */ = {isa = PBXBuildFile; fileRef = 389A346E1EC059B70004DCF1 /* Model.swift */; };
		389A34721EC060970004DCF1 /* Main.storyboard in Resources */ = {isa = PBXBuildFile; fileRef = 389A34711EC060970004DCF1 /* Main.storyboard */; };
		9DE9362582CC9ADDDBFDB55C /* Pods_NetworkDemo.framework in Frameworks */ = {isa = PBXBuildFile; fileRef = 64BDF4A699DE9F75C09368EE /* Pods_NetworkDemo.framework */; };
/* End PBXBuildFile section */

/* Begin PBXFileReference section */
		2E68CF978E81E4D00665AAC9 /* Pods-NetworkDemo.release.xcconfig */ = {isa = PBXFileReference; includeInIndex = 1; lastKnownFileType = text.xcconfig; name = "Pods-NetworkDemo.release.xcconfig"; path = "Pods/Target Support Files/Pods-NetworkDemo/Pods-NetworkDemo.release.xcconfig"; sourceTree = "<group>"; };
		38093BA51EBADA0600D05A09 /* NetworkDemo.app */ = {isa = PBXFileReference; explicitFileType = wrapper.application; includeInIndex = 0; path = NetworkDemo.app; sourceTree = BUILT_PRODUCTS_DIR; };
		38093BA81EBADA0600D05A09 /* AppDelegate.swift */ = {isa = PBXFileReference; lastKnownFileType = sourcecode.swift; path = AppDelegate.swift; sourceTree = "<group>"; };
		38093BAF1EBADA0600D05A09 /* Assets.xcassets */ = {isa = PBXFileReference; lastKnownFileType = folder.assetcatalog; path = Assets.xcassets; sourceTree = "<group>"; };
		38093BB21EBADA0600D05A09 /* Base */ = {isa = PBXFileReference; lastKnownFileType = file.storyboard; name = Base; path = Base.lproj/LaunchScreen.storyboard; sourceTree = "<group>"; };
		38093BB41EBADA0600D05A09 /* Info.plist */ = {isa = PBXFileReference; lastKnownFileType = text.plist.xml; path = Info.plist; sourceTree = "<group>"; };
		38259E621EBADDC30075ACD8 /* Observable+ResponseObjectMapper.swift */ = {isa = PBXFileReference; fileEncoding = 4; lastKnownFileType = sourcecode.swift; name = "Observable+ResponseObjectMapper.swift"; path = "Network/Observable+ResponseObjectMapper.swift"; sourceTree = "<group>"; };
		38259E641EBAEFD90075ACD8 /* testMapStruct.swift */ = {isa = PBXFileReference; fileEncoding = 4; lastKnownFileType = sourcecode.swift; path = testMapStruct.swift; sourceTree = "<group>"; };
		3839E4F51EC07681004E5AC9 /* Api.swift */ = {isa = PBXFileReference; fileEncoding = 4; lastKnownFileType = sourcecode.swift; name = Api.swift; path = Network/Api.swift; sourceTree = "<group>"; };
		389A346B1EC059AD0004DCF1 /* ViewController.swift */ = {isa = PBXFileReference; fileEncoding = 4; lastKnownFileType = sourcecode.swift; path = ViewController.swift; sourceTree = "<group>"; };
		389A346D1EC059B70004DCF1 /* ViewModel.swift */ = {isa = PBXFileReference; fileEncoding = 4; lastKnownFileType = sourcecode.swift; path = ViewModel.swift; sourceTree = "<group>"; };
		389A346E1EC059B70004DCF1 /* Model.swift */ = {isa = PBXFileReference; fileEncoding = 4; lastKnownFileType = sourcecode.swift; path = Model.swift; sourceTree = "<group>"; };
		389A34711EC060970004DCF1 /* Main.storyboard */ = {isa = PBXFileReference; fileEncoding = 4; lastKnownFileType = file.storyboard; path = Main.storyboard; sourceTree = "<group>"; };
		4FE8A9B2353181B08ED22FF2 /* Pods-NetworkDemo.debug.xcconfig */ = {isa = PBXFileReference; includeInIndex = 1; lastKnownFileType = text.xcconfig; name = "Pods-NetworkDemo.debug.xcconfig"; path = "Pods/Target Support Files/Pods-NetworkDemo/Pods-NetworkDemo.debug.xcconfig"; sourceTree = "<group>"; };
		64BDF4A699DE9F75C09368EE /* Pods_NetworkDemo.framework */ = {isa = PBXFileReference; explicitFileType = wrapper.framework; includeInIndex = 0; path = Pods_NetworkDemo.framework; sourceTree = BUILT_PRODUCTS_DIR; };
/* End PBXFileReference section */

/* Begin PBXFrameworksBuildPhase section */
		38093BA21EBADA0600D05A09 /* Frameworks */ = {
			isa = PBXFrameworksBuildPhase;
			buildActionMask = 2147483647;
			files = (
				9DE9362582CC9ADDDBFDB55C /* Pods_NetworkDemo.framework in Frameworks */,
			);
			runOnlyForDeploymentPostprocessing = 0;
		};
/* End PBXFrameworksBuildPhase section */

/* Begin PBXGroup section */
		31A908042EE2986CF22AEE47 /* Pods */ = {
			isa = PBXGroup;
			children = (
				4FE8A9B2353181B08ED22FF2 /* Pods-NetworkDemo.debug.xcconfig */,
				2E68CF978E81E4D00665AAC9 /* Pods-NetworkDemo.release.xcconfig */,
			);
			name = Pods;
			sourceTree = "<group>";
		};
		38093B9C1EBADA0600D05A09 = {
			isa = PBXGroup;
			children = (
				38093BA71EBADA0600D05A09 /* NetworkDemo */,
				38093BA61EBADA0600D05A09 /* Products */,
				31A908042EE2986CF22AEE47 /* Pods */,
				869237C83262EA8A3F23E1B2 /* Frameworks */,
			);
			sourceTree = "<group>";
		};
		38093BA61EBADA0600D05A09 /* Products */ = {
			isa = PBXGroup;
			children = (
				38093BA51EBADA0600D05A09 /* NetworkDemo.app */,
			);
			name = Products;
			sourceTree = "<group>";
		};
		38093BA71EBADA0600D05A09 /* NetworkDemo */ = {
			isa = PBXGroup;
			children = (
				38259E611EBADC730075ACD8 /* Network */,
				38093BA81EBADA0600D05A09 /* AppDelegate.swift */,
				389A346B1EC059AD0004DCF1 /* ViewController.swift */,
				389A346D1EC059B70004DCF1 /* ViewModel.swift */,
				389A346E1EC059B70004DCF1 /* Model.swift */,
				389A34711EC060970004DCF1 /* Main.storyboard */,
				38093BAF1EBADA0600D05A09 /* Assets.xcassets */,
				38093BB11EBADA0600D05A09 /* LaunchScreen.storyboard */,
				38093BB41EBADA0600D05A09 /* Info.plist */,
				38259E641EBAEFD90075ACD8 /* testMapStruct.swift */,
			);
			path = NetworkDemo;
			sourceTree = "<group>";
		};
		38259E611EBADC730075ACD8 /* Network */ = {
			isa = PBXGroup;
			children = (
				3839E4F51EC07681004E5AC9 /* Api.swift */,
				38259E621EBADDC30075ACD8 /* Observable+ResponseObjectMapper.swift */,
			);
			name = Network;
			sourceTree = "<group>";
		};
		869237C83262EA8A3F23E1B2 /* Frameworks */ = {
			isa = PBXGroup;
			children = (
				64BDF4A699DE9F75C09368EE /* Pods_NetworkDemo.framework */,
			);
			name = Frameworks;
			sourceTree = "<group>";
		};
/* End PBXGroup section */

/* Begin PBXNativeTarget section */
		38093BA41EBADA0600D05A09 /* NetworkDemo */ = {
			isa = PBXNativeTarget;
			buildConfigurationList = 38093BB71EBADA0600D05A09 /* Build configuration list for PBXNativeTarget "NetworkDemo" */;
			buildPhases = (
				28C39907D0C1B3684E683537 /* [CP] Check Pods Manifest.lock */,
				38093BA11EBADA0600D05A09 /* Sources */,
				38093BA21EBADA0600D05A09 /* Frameworks */,
				38093BA31EBADA0600D05A09 /* Resources */,
				B1A4B874ABE91AE9F3FB717C /* [CP] Embed Pods Frameworks */,
				AEA270C55FBC34406947359A /* [CP] Copy Pods Resources */,
			);
			buildRules = (
			);
			dependencies = (
			);
			name = NetworkDemo;
			productName = NetworkDemo;
			productReference = 38093BA51EBADA0600D05A09 /* NetworkDemo.app */;
			productType = "com.apple.product-type.application";
		};
/* End PBXNativeTarget section */

/* Begin PBXProject section */
		38093B9D1EBADA0600D05A09 /* Project object */ = {
			isa = PBXProject;
			attributes = {
				LastSwiftUpdateCheck = 0830;
				LastUpgradeCheck = 0830;
				ORGANIZATIONNAME = sijiechen3;
				TargetAttributes = {
					38093BA41EBADA0600D05A09 = {
						CreatedOnToolsVersion = 8.3.2;
						DevelopmentTeam = 4S7XAGT677;
						ProvisioningStyle = Automatic;
					};
				};
			};
			buildConfigurationList = 38093BA01EBADA0600D05A09 /* Build configuration list for PBXProject "NetworkDemo" */;
			compatibilityVersion = "Xcode 3.2";
			developmentRegion = English;
			hasScannedForEncodings = 0;
			knownRegions = (
				en,
				Base,
			);
			mainGroup = 38093B9C1EBADA0600D05A09;
			productRefGroup = 38093BA61EBADA0600D05A09 /* Products */;
			projectDirPath = "";
			projectRoot = "";
			targets = (
				38093BA41EBADA0600D05A09 /* NetworkDemo */,
			);
		};
/* End PBXProject section */

/* Begin PBXResourcesBuildPhase section */
		38093BA31EBADA0600D05A09 /* Resources */ = {
			isa = PBXResourcesBuildPhase;
			buildActionMask = 2147483647;
			files = (
				38093BB31EBADA0600D05A09 /* LaunchScreen.storyboard in Resources */,
				38093BB01EBADA0600D05A09 /* Assets.xcassets in Resources */,
				389A34721EC060970004DCF1 /* Main.storyboard in Resources */,
			);
			runOnlyForDeploymentPostprocessing = 0;
		};
/* End PBXResourcesBuildPhase section */

/* Begin PBXShellScriptBuildPhase section */
		28C39907D0C1B3684E683537 /* [CP] Check Pods Manifest.lock */ = {
			isa = PBXShellScriptBuildPhase;
			buildActionMask = 2147483647;
			files = (
			);
			inputPaths = (
			);
			name = "[CP] Check Pods Manifest.lock";
			outputPaths = (
			);
			runOnlyForDeploymentPostprocessing = 0;
			shellPath = /bin/sh;
			shellScript = "diff \"${PODS_ROOT}/../Podfile.lock\" \"${PODS_ROOT}/Manifest.lock\" > /dev/null\nif [ $? != 0 ] ; then\n    # print error to STDERR\n    echo \"error: The sandbox is not in sync with the Podfile.lock. Run 'pod install' or update your CocoaPods installation.\" >&2\n    exit 1\nfi\n";
			showEnvVarsInLog = 0;
		};
		AEA270C55FBC34406947359A /* [CP] Copy Pods Resources */ = {
			isa = PBXShellScriptBuildPhase;
			buildActionMask = 2147483647;
			files = (
			);
			inputPaths = (
			);
			name = "[CP] Copy Pods Resources";
			outputPaths = (
			);
			runOnlyForDeploymentPostprocessing = 0;
			shellPath = /bin/sh;
			shellScript = "\"${SRCROOT}/Pods/Target Support Files/Pods-NetworkDemo/Pods-NetworkDemo-resources.sh\"\n";
			showEnvVarsInLog = 0;
		};
		B1A4B874ABE91AE9F3FB717C /* [CP] Embed Pods Frameworks */ = {
			isa = PBXShellScriptBuildPhase;
			buildActionMask = 2147483647;
			files = (
			);
			inputPaths = (
			);
			name = "[CP] Embed Pods Frameworks";
			outputPaths = (
			);
			runOnlyForDeploymentPostprocessing = 0;
			shellPath = /bin/sh;
			shellScript = "\"${SRCROOT}/Pods/Target Support Files/Pods-NetworkDemo/Pods-NetworkDemo-frameworks.sh\"\n";
			showEnvVarsInLog = 0;
		};
/* End PBXShellScriptBuildPhase section */

/* Begin PBXSourcesBuildPhase section */
		38093BA11EBADA0600D05A09 /* Sources */ = {
			isa = PBXSourcesBuildPhase;
			buildActionMask = 2147483647;
			files = (
				389A34701EC059B70004DCF1 /* Model.swift in Sources */,
				389A346C1EC059AD0004DCF1 /* ViewController.swift in Sources */,
				38259E651EBAEFD90075ACD8 /* testMapStruct.swift in Sources */,
				38259E631EBADDC30075ACD8 /* Observable+ResponseObjectMapper.swift in Sources */,
				38093BA91EBADA0600D05A09 /* AppDelegate.swift in Sources */,
				3839E4F61EC07681004E5AC9 /* Api.swift in Sources */,
				389A346F1EC059B70004DCF1 /* ViewModel.swift in Sources */,
			);
			runOnlyForDeploymentPostprocessing = 0;
		};
/* End PBXSourcesBuildPhase section */

/* Begin PBXVariantGroup section */
		38093BB11EBADA0600D05A09 /* LaunchScreen.storyboard */ = {
			isa = PBXVariantGroup;
			children = (
				38093BB21EBADA0600D05A09 /* Base */,
			);
			name = LaunchScreen.storyboard;
			sourceTree = "<group>";
		};
/* End PBXVariantGroup section */

/* Begin XCBuildConfiguration section */
		38093BB51EBADA0600D05A09 /* Debug */ = {
			isa = XCBuildConfiguration;
			buildSettings = {
				ALWAYS_SEARCH_USER_PATHS = NO;
				CLANG_ANALYZER_NONNULL = YES;
				CLANG_ANALYZER_NUMBER_OBJECT_CONVERSION = YES_AGGRESSIVE;
				CLANG_CXX_LANGUAGE_STANDARD = "gnu++0x";
				CLANG_CXX_LIBRARY = "libc++";
				CLANG_ENABLE_MODULES = YES;
				CLANG_ENABLE_OBJC_ARC = YES;
				CLANG_WARN_BOOL_CONVERSION = YES;
				CLANG_WARN_CONSTANT_CONVERSION = YES;
				CLANG_WARN_DIRECT_OBJC_ISA_USAGE = YES_ERROR;
				CLANG_WARN_DOCUMENTATION_COMMENTS = YES;
				CLANG_WARN_EMPTY_BODY = YES;
				CLANG_WARN_ENUM_CONVERSION = YES;
				CLANG_WARN_INFINITE_RECURSION = YES;
				CLANG_WARN_INT_CONVERSION = YES;
				CLANG_WARN_OBJC_ROOT_CLASS = YES_ERROR;
				CLANG_WARN_SUSPICIOUS_MOVE = YES;
				CLANG_WARN_UNREACHABLE_CODE = YES;
				CLANG_WARN__DUPLICATE_METHOD_MATCH = YES;
				"CODE_SIGN_IDENTITY[sdk=iphoneos*]" = "iPhone Developer";
				COPY_PHASE_STRIP = NO;
				DEBUG_INFORMATION_FORMAT = dwarf;
				ENABLE_STRICT_OBJC_MSGSEND = YES;
				ENABLE_TESTABILITY = YES;
				GCC_C_LANGUAGE_STANDARD = gnu99;
				GCC_DYNAMIC_NO_PIC = NO;
				GCC_NO_COMMON_BLOCKS = YES;
				GCC_OPTIMIZATION_LEVEL = 0;
				GCC_PREPROCESSOR_DEFINITIONS = (
					"DEBUG=1",
					"$(inherited)",
				);
				GCC_WARN_64_TO_32_BIT_CONVERSION = YES;
				GCC_WARN_ABOUT_RETURN_TYPE = YES_ERROR;
				GCC_WARN_UNDECLARED_SELECTOR = YES;
				GCC_WARN_UNINITIALIZED_AUTOS = YES_AGGRESSIVE;
				GCC_WARN_UNUSED_FUNCTION = YES;
				GCC_WARN_UNUSED_VARIABLE = YES;
				IPHONEOS_DEPLOYMENT_TARGET = 10.3;
				MTL_ENABLE_DEBUG_INFO = YES;
				ONLY_ACTIVE_ARCH = YES;
				SDKROOT = iphoneos;
				SWIFT_ACTIVE_COMPILATION_CONDITIONS = DEBUG;
				SWIFT_OPTIMIZATION_LEVEL = "-Onone";
			};
			name = Debug;
		};
		38093BB61EBADA0600D05A09 /* Release */ = {
			isa = XCBuildConfiguration;
			buildSettings = {
				ALWAYS_SEARCH_USER_PATHS = NO;
				CLANG_ANALYZER_NONNULL = YES;
				CLANG_ANALYZER_NUMBER_OBJECT_CONVERSION = YES_AGGRESSIVE;
				CLANG_CXX_LANGUAGE_STANDARD = "gnu++0x";
				CLANG_CXX_LIBRARY = "libc++";
				CLANG_ENABLE_MODULES = YES;
				CLANG_ENABLE_OBJC_ARC = YES;
				CLANG_WARN_BOOL_CONVERSION = YES;
				CLANG_WARN_CONSTANT_CONVERSION = YES;
				CLANG_WARN_DIRECT_OBJC_ISA_USAGE = YES_ERROR;
				CLANG_WARN_DOCUMENTATION_COMMENTS = YES;
				CLANG_WARN_EMPTY_BODY = YES;
				CLANG_WARN_ENUM_CONVERSION = YES;
				CLANG_WARN_INFINITE_RECURSION = YES;
				CLANG_WARN_INT_CONVERSION = YES;
				CLANG_WARN_OBJC_ROOT_CLASS = YES_ERROR;
				CLANG_WARN_SUSPICIOUS_MOVE = YES;
				CLANG_WARN_UNREACHABLE_CODE = YES;
				CLANG_WARN__DUPLICATE_METHOD_MATCH = YES;
				"CODE_SIGN_IDENTITY[sdk=iphoneos*]" = "iPhone Developer";
				COPY_PHASE_STRIP = NO;
				DEBUG_INFORMATION_FORMAT = "dwarf-with-dsym";
				ENABLE_NS_ASSERTIONS = NO;
				ENABLE_STRICT_OBJC_MSGSEND = YES;
				GCC_C_LANGUAGE_STANDARD = gnu99;
				GCC_NO_COMMON_BLOCKS = YES;
				GCC_WARN_64_TO_32_BIT_CONVERSION = YES;
				GCC_WARN_ABOUT_RETURN_TYPE = YES_ERROR;
				GCC_WARN_UNDECLARED_SELECTOR = YES;
				GCC_WARN_UNINITIALIZED_AUTOS = YES_AGGRESSIVE;
				GCC_WARN_UNUSED_FUNCTION = YES;
				GCC_WARN_UNUSED_VARIABLE = YES;
				IPHONEOS_DEPLOYMENT_TARGET = 10.3;
				MTL_ENABLE_DEBUG_INFO = NO;
				SDKROOT = iphoneos;
				SWIFT_OPTIMIZATION_LEVEL = "-Owholemodule";
				VALIDATE_PRODUCT = YES;
			};
			name = Release;
		};
		38093BB81EBADA0600D05A09 /* Debug */ = {
			isa = XCBuildConfiguration;
			baseConfigurationReference = 4FE8A9B2353181B08ED22FF2 /* Pods-NetworkDemo.debug.xcconfig */;
			buildSettings = {
				ASSETCATALOG_COMPILER_APPICON_NAME = AppIcon;
				DEVELOPMENT_TEAM = 4S7XAGT677;
				INFOPLIST_FILE = NetworkDemo/Info.plist;
				LD_RUNPATH_SEARCH_PATHS = "$(inherited) @executable_path/Frameworks";
				PRODUCT_BUNDLE_IDENTIFIER = creditease.bigdata.sijiechen3.NetworkDemo;
				PRODUCT_NAME = "$(TARGET_NAME)";
				SWIFT_VERSION = 3.0;
			};
			name = Debug;
		};
		38093BB91EBADA0600D05A09 /* Release */ = {
			isa = XCBuildConfiguration;
			baseConfigurationReference = 2E68CF978E81E4D00665AAC9 /* Pods-NetworkDemo.release.xcconfig */;
			buildSettings = {
				ASSETCATALOG_COMPILER_APPICON_NAME = AppIcon;
				DEVELOPMENT_TEAM = 4S7XAGT677;
				INFOPLIST_FILE = NetworkDemo/Info.plist;
				LD_RUNPATH_SEARCH_PATHS = "$(inherited) @executable_path/Frameworks";
				PRODUCT_BUNDLE_IDENTIFIER = creditease.bigdata.sijiechen3.NetworkDemo;
				PRODUCT_NAME = "$(TARGET_NAME)";
				SWIFT_VERSION = 3.0;
			};
			name = Release;
		};
/* End XCBuildConfiguration section */

/* Begin XCConfigurationList section */
		38093BA01EBADA0600D05A09 /* Build configuration list for PBXProject "NetworkDemo" */ = {
			isa = XCConfigurationList;
			buildConfigurations = (
				38093BB51EBADA0600D05A09 /* Debug */,
				38093BB61EBADA0600D05A09 /* Release */,
			);
			defaultConfigurationIsVisible = 0;
			defaultConfigurationName = Release;
		};
		38093BB71EBADA0600D05A09 /* Build configuration list for PBXNativeTarget "NetworkDemo" */ = {
			isa = XCConfigurationList;
			buildConfigurations = (
				38093BB81EBADA0600D05A09 /* Debug */,
				38093BB91EBADA0600D05A09 /* Release */,
			);
			defaultConfigurationIsVisible = 0;
			defaultConfigurationName = Release;
		};
/* End XCConfigurationList section */
	};
	rootObject = 38093B9D1EBADA0600D05A09 /* Project object */;
}
